// !$*UTF8*$!
{
	archiveVersion = 1;
	classes = {
	};
	objectVersion = 55;
	objects = {

/* Begin PBXBuildFile section */
		4137C4AE27518F620053A1C7 /* LocationHelper.swift in Sources */ = {isa = PBXBuildFile; fileRef = 4137C4AD27518F620053A1C7 /* LocationHelper.swift */; };
		4137C4B0275191000053A1C7 /* MapView.swift in Sources */ = {isa = PBXBuildFile; fileRef = 4137C4AF275191000053A1C7 /* MapView.swift */; };
		4137C4B2275193D50053A1C7 /* Landmark.swift in Sources */ = {isa = PBXBuildFile; fileRef = 4137C4B1275193D50053A1C7 /* Landmark.swift */; };
		41A9D934273C619100BEB394 /* BarRoulette.xcdatamodeld in Sources */ = {isa = PBXBuildFile; fileRef = 41A9D932273C619100BEB394 /* BarRoulette.xcdatamodeld */; };
		41A9D936273C65B600BEB394 /* BarMO.swift in Sources */ = {isa = PBXBuildFile; fileRef = 41A9D935273C65B600BEB394 /* BarMO.swift */; };
		41A9D939273C687100BEB394 /* Persistence.swift in Sources */ = {isa = PBXBuildFile; fileRef = 41A9D938273C687100BEB394 /* Persistence.swift */; };
		41A9D93B273C6A0E00BEB394 /* CoreDBHelper.swift in Sources */ = {isa = PBXBuildFile; fileRef = 41A9D93A273C6A0E00BEB394 /* CoreDBHelper.swift */; };
		41B0065027665A04009FC06E /* LocationManager.swift in Sources */ = {isa = PBXBuildFile; fileRef = 41B0064F27665A04009FC06E /* LocationManager.swift */; };
		8254C96A27399C0900EFD6A4 /* Bar.swift in Sources */ = {isa = PBXBuildFile; fileRef = 8254C96927399C0900EFD6A4 /* Bar.swift */; };
		8254C96C2739A2AC00EFD6A4 /* FavouritesView.swift in Sources */ = {isa = PBXBuildFile; fileRef = 8254C96B2739A2AC00EFD6A4 /* FavouritesView.swift */; };
		8254C9702739AC1600EFD6A4 /* UIModifiers.swift in Sources */ = {isa = PBXBuildFile; fileRef = 8254C96F2739AC1600EFD6A4 /* UIModifiers.swift */; };
		827CADEC273CA1AD006192D7 /* BarView.swift in Sources */ = {isa = PBXBuildFile; fileRef = 827CADEB273CA1AD006192D7 /* BarView.swift */; };
		8296BD8C270AA2F8005A88F3 /* Bar_RouletteApp.swift in Sources */ = {isa = PBXBuildFile; fileRef = 8296BD8B270AA2F8005A88F3 /* Bar_RouletteApp.swift */; };
		8296BD8E270AA2F8005A88F3 /* ContentView.swift in Sources */ = {isa = PBXBuildFile; fileRef = 8296BD8D270AA2F8005A88F3 /* ContentView.swift */; };
		8296BD90270AA2F9005A88F3 /* Assets.xcassets in Resources */ = {isa = PBXBuildFile; fileRef = 8296BD8F270AA2F9005A88F3 /* Assets.xcassets */; };
		8296BD93270AA2F9005A88F3 /* Preview Assets.xcassets in Resources */ = {isa = PBXBuildFile; fileRef = 8296BD92270AA2F9005A88F3 /* Preview Assets.xcassets */; };
		8296BD9D270AA2FA005A88F3 /* Bar_RouletteTests.swift in Sources */ = {isa = PBXBuildFile; fileRef = 8296BD9C270AA2FA005A88F3 /* Bar_RouletteTests.swift */; };
		8296BDA7270AA2FA005A88F3 /* Bar_RouletteUITests.swift in Sources */ = {isa = PBXBuildFile; fileRef = 8296BDA6270AA2FA005A88F3 /* Bar_RouletteUITests.swift */; };
		8296BDA9270AA2FA005A88F3 /* Bar_RouletteUITestsLaunchTests.swift in Sources */ = {isa = PBXBuildFile; fileRef = 8296BDA8270AA2FA005A88F3 /* Bar_RouletteUITestsLaunchTests.swift */; };
		82CF28F92765723100076FE5 /* DetailsHelper.swift in Sources */ = {isa = PBXBuildFile; fileRef = 82CF28F82765723100076FE5 /* DetailsHelper.swift */; };
		82CF28FB276587D800076FE5 /* Details.swift in Sources */ = {isa = PBXBuildFile; fileRef = 82CF28FA276587D800076FE5 /* Details.swift */; };
/* End PBXBuildFile section */

/* Begin PBXContainerItemProxy section */
		8296BD99270AA2FA005A88F3 /* PBXContainerItemProxy */ = {
			isa = PBXContainerItemProxy;
			containerPortal = 8296BD80270AA2F8005A88F3 /* Project object */;
			proxyType = 1;
			remoteGlobalIDString = 8296BD87270AA2F8005A88F3;
			remoteInfo = "Bar Roulette";
		};
		8296BDA3270AA2FA005A88F3 /* PBXContainerItemProxy */ = {
			isa = PBXContainerItemProxy;
			containerPortal = 8296BD80270AA2F8005A88F3 /* Project object */;
			proxyType = 1;
			remoteGlobalIDString = 8296BD87270AA2F8005A88F3;
			remoteInfo = "Bar Roulette";
		};
/* End PBXContainerItemProxy section */

/* Begin PBXFileReference section */
		4137C4AD27518F620053A1C7 /* LocationHelper.swift */ = {isa = PBXFileReference; lastKnownFileType = sourcecode.swift; path = LocationHelper.swift; sourceTree = "<group>"; };
		4137C4AF275191000053A1C7 /* MapView.swift */ = {isa = PBXFileReference; lastKnownFileType = sourcecode.swift; path = MapView.swift; sourceTree = "<group>"; };
		4137C4B1275193D50053A1C7 /* Landmark.swift */ = {isa = PBXFileReference; lastKnownFileType = sourcecode.swift; path = Landmark.swift; sourceTree = "<group>"; };
		41A9D933273C619100BEB394 /* BarRoulette.xcdatamodel */ = {isa = PBXFileReference; lastKnownFileType = wrapper.xcdatamodel; path = BarRoulette.xcdatamodel; sourceTree = "<group>"; };
		41A9D935273C65B600BEB394 /* BarMO.swift */ = {isa = PBXFileReference; lastKnownFileType = sourcecode.swift; path = BarMO.swift; sourceTree = "<group>"; };
		41A9D938273C687100BEB394 /* Persistence.swift */ = {isa = PBXFileReference; lastKnownFileType = sourcecode.swift; path = Persistence.swift; sourceTree = "<group>"; };
		41A9D93A273C6A0E00BEB394 /* CoreDBHelper.swift */ = {isa = PBXFileReference; lastKnownFileType = sourcecode.swift; path = CoreDBHelper.swift; sourceTree = "<group>"; };
		41B0064F27665A04009FC06E /* LocationManager.swift */ = {isa = PBXFileReference; lastKnownFileType = sourcecode.swift; path = LocationManager.swift; sourceTree = "<group>"; };
		8254C96927399C0900EFD6A4 /* Bar.swift */ = {isa = PBXFileReference; lastKnownFileType = sourcecode.swift; path = Bar.swift; sourceTree = "<group>"; };
		8254C96B2739A2AC00EFD6A4 /* FavouritesView.swift */ = {isa = PBXFileReference; lastKnownFileType = sourcecode.swift; path = FavouritesView.swift; sourceTree = "<group>"; };
		8254C96F2739AC1600EFD6A4 /* UIModifiers.swift */ = {isa = PBXFileReference; lastKnownFileType = sourcecode.swift; path = UIModifiers.swift; sourceTree = "<group>"; };
		827CADEB273CA1AD006192D7 /* BarView.swift */ = {isa = PBXFileReference; lastKnownFileType = sourcecode.swift; path = BarView.swift; sourceTree = "<group>"; };
		8296BD88270AA2F8005A88F3 /* Bar Roulette.app */ = {isa = PBXFileReference; explicitFileType = wrapper.application; includeInIndex = 0; path = "Bar Roulette.app"; sourceTree = BUILT_PRODUCTS_DIR; };
		8296BD8B270AA2F8005A88F3 /* Bar_RouletteApp.swift */ = {isa = PBXFileReference; lastKnownFileType = sourcecode.swift; path = Bar_RouletteApp.swift; sourceTree = "<group>"; };
		8296BD8D270AA2F8005A88F3 /* ContentView.swift */ = {isa = PBXFileReference; lastKnownFileType = sourcecode.swift; path = ContentView.swift; sourceTree = "<group>"; };
		8296BD8F270AA2F9005A88F3 /* Assets.xcassets */ = {isa = PBXFileReference; lastKnownFileType = folder.assetcatalog; path = Assets.xcassets; sourceTree = "<group>"; };
		8296BD92270AA2F9005A88F3 /* Preview Assets.xcassets */ = {isa = PBXFileReference; lastKnownFileType = folder.assetcatalog; path = "Preview Assets.xcassets"; sourceTree = "<group>"; };
		8296BD98270AA2FA005A88F3 /* Bar RouletteTests.xctest */ = {isa = PBXFileReference; explicitFileType = wrapper.cfbundle; includeInIndex = 0; path = "Bar RouletteTests.xctest"; sourceTree = BUILT_PRODUCTS_DIR; };
		8296BD9C270AA2FA005A88F3 /* Bar_RouletteTests.swift */ = {isa = PBXFileReference; lastKnownFileType = sourcecode.swift; path = Bar_RouletteTests.swift; sourceTree = "<group>"; };
		8296BDA2270AA2FA005A88F3 /* Bar RouletteUITests.xctest */ = {isa = PBXFileReference; explicitFileType = wrapper.cfbundle; includeInIndex = 0; path = "Bar RouletteUITests.xctest"; sourceTree = BUILT_PRODUCTS_DIR; };
		8296BDA6270AA2FA005A88F3 /* Bar_RouletteUITests.swift */ = {isa = PBXFileReference; lastKnownFileType = sourcecode.swift; path = Bar_RouletteUITests.swift; sourceTree = "<group>"; };
		8296BDA8270AA2FA005A88F3 /* Bar_RouletteUITestsLaunchTests.swift */ = {isa = PBXFileReference; lastKnownFileType = sourcecode.swift; path = Bar_RouletteUITestsLaunchTests.swift; sourceTree = "<group>"; };
		82CF28F82765723100076FE5 /* DetailsHelper.swift */ = {isa = PBXFileReference; lastKnownFileType = sourcecode.swift; path = DetailsHelper.swift; sourceTree = "<group>"; };
		82CF28FA276587D800076FE5 /* Details.swift */ = {isa = PBXFileReference; lastKnownFileType = sourcecode.swift; path = Details.swift; sourceTree = "<group>"; };
/* End PBXFileReference section */

/* Begin PBXFrameworksBuildPhase section */
		8296BD85270AA2F8005A88F3 /* Frameworks */ = {
			isa = PBXFrameworksBuildPhase;
			buildActionMask = 2147483647;
			files = (
			);
			runOnlyForDeploymentPostprocessing = 0;
		};
		8296BD95270AA2FA005A88F3 /* Frameworks */ = {
			isa = PBXFrameworksBuildPhase;
			buildActionMask = 2147483647;
			files = (
			);
			runOnlyForDeploymentPostprocessing = 0;
		};
		8296BD9F270AA2FA005A88F3 /* Frameworks */ = {
			isa = PBXFrameworksBuildPhase;
			buildActionMask = 2147483647;
			files = (
			);
			runOnlyForDeploymentPostprocessing = 0;
		};
/* End PBXFrameworksBuildPhase section */

/* Begin PBXGroup section */
		4137C4AC27518F520053A1C7 /* Helpers */ = {
			isa = PBXGroup;
			children = (
				4137C4AD27518F620053A1C7 /* LocationHelper.swift */,
				82CF28F82765723100076FE5 /* DetailsHelper.swift */,
				41B0064F27665A04009FC06E /* LocationManager.swift */,
			);
			path = Helpers;
			sourceTree = "<group>";
		};
		41A9D937273C685C00BEB394 /* Controllers */ = {
			isa = PBXGroup;
			children = (
				41A9D938273C687100BEB394 /* Persistence.swift */,
				41A9D93A273C6A0E00BEB394 /* CoreDBHelper.swift */,
			);
			path = Controllers;
			sourceTree = "<group>";
		};
		8254C96727399B1C00EFD6A4 /* Views */ = {
			isa = PBXGroup;
			children = (
				8296BD8D270AA2F8005A88F3 /* ContentView.swift */,
				8254C96B2739A2AC00EFD6A4 /* FavouritesView.swift */,
				827CADEB273CA1AD006192D7 /* BarView.swift */,
				4137C4AF275191000053A1C7 /* MapView.swift */,
			);
			path = Views;
			sourceTree = "<group>";
		};
		8254C96827399B2400EFD6A4 /* Models */ = {
			isa = PBXGroup;
			children = (
				8254C96927399C0900EFD6A4 /* Bar.swift */,
				41A9D935273C65B600BEB394 /* BarMO.swift */,
				4137C4B1275193D50053A1C7 /* Landmark.swift */,
				82CF28FA276587D800076FE5 /* Details.swift */,
			);
			path = Models;
			sourceTree = "<group>";
		};
		8296BD7F270AA2F8005A88F3 = {
			isa = PBXGroup;
			children = (
				8296BD8A270AA2F8005A88F3 /* Bar Roulette */,
				8296BD9B270AA2FA005A88F3 /* Bar RouletteTests */,
				8296BDA5270AA2FA005A88F3 /* Bar RouletteUITests */,
				8296BD89270AA2F8005A88F3 /* Products */,
			);
			sourceTree = "<group>";
		};
		8296BD89270AA2F8005A88F3 /* Products */ = {
			isa = PBXGroup;
			children = (
				8296BD88270AA2F8005A88F3 /* Bar Roulette.app */,
				8296BD98270AA2FA005A88F3 /* Bar RouletteTests.xctest */,
				8296BDA2270AA2FA005A88F3 /* Bar RouletteUITests.xctest */,
			);
			name = Products;
			sourceTree = "<group>";
		};
		8296BD8A270AA2F8005A88F3 /* Bar Roulette */ = {
			isa = PBXGroup;
			children = (
				4137C4AC27518F520053A1C7 /* Helpers */,
				41A9D937273C685C00BEB394 /* Controllers */,
				8254C96827399B2400EFD6A4 /* Models */,
				8254C96727399B1C00EFD6A4 /* Views */,
				8254C96F2739AC1600EFD6A4 /* UIModifiers.swift */,
				8296BD8B270AA2F8005A88F3 /* Bar_RouletteApp.swift */,
				8296BD8F270AA2F9005A88F3 /* Assets.xcassets */,
				8296BD91270AA2F9005A88F3 /* Preview Content */,
				41A9D932273C619100BEB394 /* BarRoulette.xcdatamodeld */,
			);
			path = "Bar Roulette";
			sourceTree = "<group>";
		};
		8296BD91270AA2F9005A88F3 /* Preview Content */ = {
			isa = PBXGroup;
			children = (
				8296BD92270AA2F9005A88F3 /* Preview Assets.xcassets */,
			);
			path = "Preview Content";
			sourceTree = "<group>";
		};
		8296BD9B270AA2FA005A88F3 /* Bar RouletteTests */ = {
			isa = PBXGroup;
			children = (
				8296BD9C270AA2FA005A88F3 /* Bar_RouletteTests.swift */,
			);
			path = "Bar RouletteTests";
			sourceTree = "<group>";
		};
		8296BDA5270AA2FA005A88F3 /* Bar RouletteUITests */ = {
			isa = PBXGroup;
			children = (
				8296BDA6270AA2FA005A88F3 /* Bar_RouletteUITests.swift */,
				8296BDA8270AA2FA005A88F3 /* Bar_RouletteUITestsLaunchTests.swift */,
			);
			path = "Bar RouletteUITests";
			sourceTree = "<group>";
		};
/* End PBXGroup section */

/* Begin PBXNativeTarget section */
		8296BD87270AA2F8005A88F3 /* Bar Roulette */ = {
			isa = PBXNativeTarget;
			buildConfigurationList = 8296BDAC270AA2FA005A88F3 /* Build configuration list for PBXNativeTarget "Bar Roulette" */;
			buildPhases = (
				8296BD84270AA2F8005A88F3 /* Sources */,
				8296BD85270AA2F8005A88F3 /* Frameworks */,
				8296BD86270AA2F8005A88F3 /* Resources */,
			);
			buildRules = (
			);
			dependencies = (
			);
			name = "Bar Roulette";
			productName = "Bar Roulette";
			productReference = 8296BD88270AA2F8005A88F3 /* Bar Roulette.app */;
			productType = "com.apple.product-type.application";
		};
		8296BD97270AA2FA005A88F3 /* Bar RouletteTests */ = {
			isa = PBXNativeTarget;
			buildConfigurationList = 8296BDAF270AA2FA005A88F3 /* Build configuration list for PBXNativeTarget "Bar RouletteTests" */;
			buildPhases = (
				8296BD94270AA2FA005A88F3 /* Sources */,
				8296BD95270AA2FA005A88F3 /* Frameworks */,
				8296BD96270AA2FA005A88F3 /* Resources */,
			);
			buildRules = (
			);
			dependencies = (
				8296BD9A270AA2FA005A88F3 /* PBXTargetDependency */,
			);
			name = "Bar RouletteTests";
			productName = "Bar RouletteTests";
			productReference = 8296BD98270AA2FA005A88F3 /* Bar RouletteTests.xctest */;
			productType = "com.apple.product-type.bundle.unit-test";
		};
		8296BDA1270AA2FA005A88F3 /* Bar RouletteUITests */ = {
			isa = PBXNativeTarget;
			buildConfigurationList = 8296BDB2270AA2FA005A88F3 /* Build configuration list for PBXNativeTarget "Bar RouletteUITests" */;
			buildPhases = (
				8296BD9E270AA2FA005A88F3 /* Sources */,
				8296BD9F270AA2FA005A88F3 /* Frameworks */,
				8296BDA0270AA2FA005A88F3 /* Resources */,
			);
			buildRules = (
			);
			dependencies = (
				8296BDA4270AA2FA005A88F3 /* PBXTargetDependency */,
			);
			name = "Bar RouletteUITests";
			productName = "Bar RouletteUITests";
			productReference = 8296BDA2270AA2FA005A88F3 /* Bar RouletteUITests.xctest */;
			productType = "com.apple.product-type.bundle.ui-testing";
		};
/* End PBXNativeTarget section */

/* Begin PBXProject section */
		8296BD80270AA2F8005A88F3 /* Project object */ = {
			isa = PBXProject;
			attributes = {
				BuildIndependentTargetsInParallel = 1;
				LastSwiftUpdateCheck = 1300;
				LastUpgradeCheck = 1300;
				TargetAttributes = {
					8296BD87270AA2F8005A88F3 = {
						CreatedOnToolsVersion = 13.0;
					};
					8296BD97270AA2FA005A88F3 = {
						CreatedOnToolsVersion = 13.0;
						TestTargetID = 8296BD87270AA2F8005A88F3;
					};
					8296BDA1270AA2FA005A88F3 = {
						CreatedOnToolsVersion = 13.0;
						TestTargetID = 8296BD87270AA2F8005A88F3;
					};
				};
			};
			buildConfigurationList = 8296BD83270AA2F8005A88F3 /* Build configuration list for PBXProject "Bar Roulette" */;
			compatibilityVersion = "Xcode 13.0";
			developmentRegion = en;
			hasScannedForEncodings = 0;
			knownRegions = (
				en,
				Base,
			);
			mainGroup = 8296BD7F270AA2F8005A88F3;
			productRefGroup = 8296BD89270AA2F8005A88F3 /* Products */;
			projectDirPath = "";
			projectRoot = "";
			targets = (
				8296BD87270AA2F8005A88F3 /* Bar Roulette */,
				8296BD97270AA2FA005A88F3 /* Bar RouletteTests */,
				8296BDA1270AA2FA005A88F3 /* Bar RouletteUITests */,
			);
		};
/* End PBXProject section */

/* Begin PBXResourcesBuildPhase section */
		8296BD86270AA2F8005A88F3 /* Resources */ = {
			isa = PBXResourcesBuildPhase;
			buildActionMask = 2147483647;
			files = (
				8296BD93270AA2F9005A88F3 /* Preview Assets.xcassets in Resources */,
				8296BD90270AA2F9005A88F3 /* Assets.xcassets in Resources */,
			);
			runOnlyForDeploymentPostprocessing = 0;
		};
		8296BD96270AA2FA005A88F3 /* Resources */ = {
			isa = PBXResourcesBuildPhase;
			buildActionMask = 2147483647;
			files = (
			);
			runOnlyForDeploymentPostprocessing = 0;
		};
		8296BDA0270AA2FA005A88F3 /* Resources */ = {
			isa = PBXResourcesBuildPhase;
			buildActionMask = 2147483647;
			files = (
			);
			runOnlyForDeploymentPostprocessing = 0;
		};
/* End PBXResourcesBuildPhase section */

/* Begin PBXSourcesBuildPhase section */
		8296BD84270AA2F8005A88F3 /* Sources */ = {
			isa = PBXSourcesBuildPhase;
			buildActionMask = 2147483647;
			files = (
				4137C4B2275193D50053A1C7 /* Landmark.swift in Sources */,
				41A9D939273C687100BEB394 /* Persistence.swift in Sources */,
				4137C4B0275191000053A1C7 /* MapView.swift in Sources */,
				4137C4AE27518F620053A1C7 /* LocationHelper.swift in Sources */,
				41B0065027665A04009FC06E /* LocationManager.swift in Sources */,
				8254C9702739AC1600EFD6A4 /* UIModifiers.swift in Sources */,
				8296BD8E270AA2F8005A88F3 /* ContentView.swift in Sources */,
				41A9D934273C619100BEB394 /* BarRoulette.xcdatamodeld in Sources */,
				827CADEC273CA1AD006192D7 /* BarView.swift in Sources */,
				8254C96A27399C0900EFD6A4 /* Bar.swift in Sources */,
				41A9D93B273C6A0E00BEB394 /* CoreDBHelper.swift in Sources */,
				8296BD8C270AA2F8005A88F3 /* Bar_RouletteApp.swift in Sources */,
				82CF28FB276587D800076FE5 /* Details.swift in Sources */,
				8254C96C2739A2AC00EFD6A4 /* FavouritesView.swift in Sources */,
				82CF28F92765723100076FE5 /* DetailsHelper.swift in Sources */,
				41A9D936273C65B600BEB394 /* BarMO.swift in Sources */,
			);
			runOnlyForDeploymentPostprocessing = 0;
		};
		8296BD94270AA2FA005A88F3 /* Sources */ = {
			isa = PBXSourcesBuildPhase;
			buildActionMask = 2147483647;
			files = (
				8296BD9D270AA2FA005A88F3 /* Bar_RouletteTests.swift in Sources */,
			);
			runOnlyForDeploymentPostprocessing = 0;
		};
		8296BD9E270AA2FA005A88F3 /* Sources */ = {
			isa = PBXSourcesBuildPhase;
			buildActionMask = 2147483647;
			files = (
				8296BDA9270AA2FA005A88F3 /* Bar_RouletteUITestsLaunchTests.swift in Sources */,
				8296BDA7270AA2FA005A88F3 /* Bar_RouletteUITests.swift in Sources */,
			);
			runOnlyForDeploymentPostprocessing = 0;
		};
/* End PBXSourcesBuildPhase section */

/* Begin PBXTargetDependency section */
		8296BD9A270AA2FA005A88F3 /* PBXTargetDependency */ = {
			isa = PBXTargetDependency;
			target = 8296BD87270AA2F8005A88F3 /* Bar Roulette */;
			targetProxy = 8296BD99270AA2FA005A88F3 /* PBXContainerItemProxy */;
		};
		8296BDA4270AA2FA005A88F3 /* PBXTargetDependency */ = {
			isa = PBXTargetDependency;
			target = 8296BD87270AA2F8005A88F3 /* Bar Roulette */;
			targetProxy = 8296BDA3270AA2FA005A88F3 /* PBXContainerItemProxy */;
		};
/* End PBXTargetDependency section */

/* Begin XCBuildConfiguration section */
		8296BDAA270AA2FA005A88F3 /* Debug */ = {
			isa = XCBuildConfiguration;
			buildSettings = {
				ALWAYS_SEARCH_USER_PATHS = NO;
				CLANG_ANALYZER_NONNULL = YES;
				CLANG_ANALYZER_NUMBER_OBJECT_CONVERSION = YES_AGGRESSIVE;
				CLANG_CXX_LANGUAGE_STANDARD = "gnu++17";
				CLANG_CXX_LIBRARY = "libc++";
				CLANG_ENABLE_MODULES = YES;
				CLANG_ENABLE_OBJC_ARC = YES;
				CLANG_ENABLE_OBJC_WEAK = YES;
				CLANG_WARN_BLOCK_CAPTURE_AUTORELEASING = YES;
				CLANG_WARN_BOOL_CONVERSION = YES;
				CLANG_WARN_COMMA = YES;
				CLANG_WARN_CONSTANT_CONVERSION = YES;
				CLANG_WARN_DEPRECATED_OBJC_IMPLEMENTATIONS = YES;
				CLANG_WARN_DIRECT_OBJC_ISA_USAGE = YES_ERROR;
				CLANG_WARN_DOCUMENTATION_COMMENTS = YES;
				CLANG_WARN_EMPTY_BODY = YES;
				CLANG_WARN_ENUM_CONVERSION = YES;
				CLANG_WARN_INFINITE_RECURSION = YES;
				CLANG_WARN_INT_CONVERSION = YES;
				CLANG_WARN_NON_LITERAL_NULL_CONVERSION = YES;
				CLANG_WARN_OBJC_IMPLICIT_RETAIN_SELF = YES;
				CLANG_WARN_OBJC_LITERAL_CONVERSION = YES;
				CLANG_WARN_OBJC_ROOT_CLASS = YES_ERROR;
				CLANG_WARN_QUOTED_INCLUDE_IN_FRAMEWORK_HEADER = YES;
				CLANG_WARN_RANGE_LOOP_ANALYSIS = YES;
				CLANG_WARN_STRICT_PROTOTYPES = YES;
				CLANG_WARN_SUSPICIOUS_MOVE = YES;
				CLANG_WARN_UNGUARDED_AVAILABILITY = YES_AGGRESSIVE;
				CLANG_WARN_UNREACHABLE_CODE = YES;
				CLANG_WARN__DUPLICATE_METHOD_MATCH = YES;
				COPY_PHASE_STRIP = NO;
				DEBUG_INFORMATION_FORMAT = dwarf;
				ENABLE_STRICT_OBJC_MSGSEND = YES;
				ENABLE_TESTABILITY = YES;
				GCC_C_LANGUAGE_STANDARD = gnu11;
				GCC_DYNAMIC_NO_PIC = NO;
				GCC_NO_COMMON_BLOCKS = YES;
				GCC_OPTIMIZATION_LEVEL = 0;
				GCC_PREPROCESSOR_DEFINITIONS = (
					"DEBUG=1",
					"$(inherited)",
				);
				GCC_WARN_64_TO_32_BIT_CONVERSION = YES;
				GCC_WARN_ABOUT_RETURN_TYPE = YES_ERROR;
				GCC_WARN_UNDECLARED_SELECTOR = YES;
				GCC_WARN_UNINITIALIZED_AUTOS = YES_AGGRESSIVE;
				GCC_WARN_UNUSED_FUNCTION = YES;
				GCC_WARN_UNUSED_VARIABLE = YES;
				IPHONEOS_DEPLOYMENT_TARGET = 15.0;
				MTL_ENABLE_DEBUG_INFO = INCLUDE_SOURCE;
				MTL_FAST_MATH = YES;
				ONLY_ACTIVE_ARCH = YES;
				SDKROOT = iphoneos;
				SWIFT_ACTIVE_COMPILATION_CONDITIONS = DEBUG;
				SWIFT_OPTIMIZATION_LEVEL = "-Onone";
			};
			name = Debug;
		};
		8296BDAB270AA2FA005A88F3 /* Release */ = {
			isa = XCBuildConfiguration;
			buildSettings = {
				ALWAYS_SEARCH_USER_PATHS = NO;
				CLANG_ANALYZER_NONNULL = YES;
				CLANG_ANALYZER_NUMBER_OBJECT_CONVERSION = YES_AGGRESSIVE;
				CLANG_CXX_LANGUAGE_STANDARD = "gnu++17";
				CLANG_CXX_LIBRARY = "libc++";
				CLANG_ENABLE_MODULES = YES;
				CLANG_ENABLE_OBJC_ARC = YES;
				CLANG_ENABLE_OBJC_WEAK = YES;
				CLANG_WARN_BLOCK_CAPTURE_AUTORELEASING = YES;
				CLANG_WARN_BOOL_CONVERSION = YES;
				CLANG_WARN_COMMA = YES;
				CLANG_WARN_CONSTANT_CONVERSION = YES;
				CLANG_WARN_DEPRECATED_OBJC_IMPLEMENTATIONS = YES;
				CLANG_WARN_DIRECT_OBJC_ISA_USAGE = YES_ERROR;
				CLANG_WARN_DOCUMENTATION_COMMENTS = YES;
				CLANG_WARN_EMPTY_BODY = YES;
				CLANG_WARN_ENUM_CONVERSION = YES;
				CLANG_WARN_INFINITE_RECURSION = YES;
				CLANG_WARN_INT_CONVERSION = YES;
				CLANG_WARN_NON_LITERAL_NULL_CONVERSION = YES;
				CLANG_WARN_OBJC_IMPLICIT_RETAIN_SELF = YES;
				CLANG_WARN_OBJC_LITERAL_CONVERSION = YES;
				CLANG_WARN_OBJC_ROOT_CLASS = YES_ERROR;
				CLANG_WARN_QUOTED_INCLUDE_IN_FRAMEWORK_HEADER = YES;
				CLANG_WARN_RANGE_LOOP_ANALYSIS = YES;
				CLANG_WARN_STRICT_PROTOTYPES = YES;
				CLANG_WARN_SUSPICIOUS_MOVE = YES;
				CLANG_WARN_UNGUARDED_AVAILABILITY = YES_AGGRESSIVE;
				CLANG_WARN_UNREACHABLE_CODE = YES;
				CLANG_WARN__DUPLICATE_METHOD_MATCH = YES;
				COPY_PHASE_STRIP = NO;
				DEBUG_INFORMATION_FORMAT = "dwarf-with-dsym";
				ENABLE_NS_ASSERTIONS = NO;
				ENABLE_STRICT_OBJC_MSGSEND = YES;
				GCC_C_LANGUAGE_STANDARD = gnu11;
				GCC_NO_COMMON_BLOCKS = YES;
				GCC_WARN_64_TO_32_BIT_CONVERSION = YES;
				GCC_WARN_ABOUT_RETURN_TYPE = YES_ERROR;
				GCC_WARN_UNDECLARED_SELECTOR = YES;
				GCC_WARN_UNINITIALIZED_AUTOS = YES_AGGRESSIVE;
				GCC_WARN_UNUSED_FUNCTION = YES;
				GCC_WARN_UNUSED_VARIABLE = YES;
				IPHONEOS_DEPLOYMENT_TARGET = 15.0;
				MTL_ENABLE_DEBUG_INFO = NO;
				MTL_FAST_MATH = YES;
				SDKROOT = iphoneos;
				SWIFT_COMPILATION_MODE = wholemodule;
				SWIFT_OPTIMIZATION_LEVEL = "-O";
				VALIDATE_PRODUCT = YES;
			};
			name = Release;
		};
		8296BDAD270AA2FA005A88F3 /* Debug */ = {
			isa = XCBuildConfiguration;
			buildSettings = {
				ASSETCATALOG_COMPILER_APPICON_NAME = AppIcon;
				ASSETCATALOG_COMPILER_GLOBAL_ACCENT_COLOR_NAME = AccentColor;
				CODE_SIGN_STYLE = Automatic;
				CURRENT_PROJECT_VERSION = 1;
				DEVELOPMENT_ASSET_PATHS = "\"Bar Roulette/Preview Content\"";
				DEVELOPMENT_TEAM = 9S746CAN84;
				ENABLE_PREVIEWS = YES;
				GENERATE_INFOPLIST_FILE = YES;
				INFOPLIST_KEY_NSLocationAlwaysAndWhenInUseUsageDescription = "Bar Roulette app needs location permission to provide you optimized expereince.";
				INFOPLIST_KEY_NSLocationWhenInUseUsageDescription = "Bar Roulette app needs location permission to provide you optimized expereince.";
				INFOPLIST_KEY_UIApplicationSceneManifest_Generation = YES;
				INFOPLIST_KEY_UIApplicationSupportsIndirectInputEvents = YES;
				INFOPLIST_KEY_UILaunchScreen_Generation = YES;
				INFOPLIST_KEY_UISupportedInterfaceOrientations_iPad = "UIInterfaceOrientationPortrait UIInterfaceOrientationPortraitUpsideDown UIInterfaceOrientationLandscapeLeft UIInterfaceOrientationLandscapeRight";
				INFOPLIST_KEY_UISupportedInterfaceOrientations_iPhone = "UIInterfaceOrientationPortrait UIInterfaceOrientationLandscapeLeft UIInterfaceOrientationLandscapeRight";
				IPHONEOS_DEPLOYMENT_TARGET = 14.0;
				LD_RUNPATH_SEARCH_PATHS = (
					"$(inherited)",
					"@executable_path/Frameworks",
				);
				MARKETING_VERSION = 1.0;
				PRODUCT_BUNDLE_IDENTIFIER = "PeanutSpread.Bar-Roulette";
				PRODUCT_NAME = "$(TARGET_NAME)";
				SWIFT_EMIT_LOC_STRINGS = YES;
				SWIFT_VERSION = 5.0;
				TARGETED_DEVICE_FAMILY = "1,2";
			};
			name = Debug;
		};
		8296BDAE270AA2FA005A88F3 /* Release */ = {
			isa = XCBuildConfiguration;
			buildSettings = {
				ASSETCATALOG_COMPILER_APPICON_NAME = AppIcon;
				ASSETCATALOG_COMPILER_GLOBAL_ACCENT_COLOR_NAME = AccentColor;
				CODE_SIGN_STYLE = Automatic;
				CURRENT_PROJECT_VERSION = 1;
				DEVELOPMENT_ASSET_PATHS = "\"Bar Roulette/Preview Content\"";
				DEVELOPMENT_TEAM = 9S746CAN84;
				ENABLE_PREVIEWS = YES;
				GENERATE_INFOPLIST_FILE = YES;
				INFOPLIST_KEY_NSLocationAlwaysAndWhenInUseUsageDescription = "Bar Roulette app needs location permission to provide you optimized expereince.";
				INFOPLIST_KEY_NSLocationWhenInUseUsageDescription = "Bar Roulette app needs location permission to provide you optimized expereince.";
				INFOPLIST_KEY_UIApplicationSceneManifest_Generation = YES;
				INFOPLIST_KEY_UIApplicationSupportsIndirectInputEvents = YES;
				INFOPLIST_KEY_UILaunchScreen_Generation = YES;
				INFOPLIST_KEY_UISupportedInterfaceOrientations_iPad = "UIInterfaceOrientationPortrait UIInterfaceOrientationPortraitUpsideDown UIInterfaceOrientationLandscapeLeft UIInterfaceOrientationLandscapeRight";
				INFOPLIST_KEY_UISupportedInterfaceOrientations_iPhone = "UIInterfaceOrientationPortrait UIInterfaceOrientationLandscapeLeft UIInterfaceOrientationLandscapeRight";
				IPHONEOS_DEPLOYMENT_TARGET = 14.0;
				LD_RUNPATH_SEARCH_PATHS = (
					"$(inherited)",
					"@executable_path/Frameworks",
				);
				MARKETING_VERSION = 1.0;
				PRODUCT_BUNDLE_IDENTIFIER = "PeanutSpread.Bar-Roulette";
				PRODUCT_NAME = "$(TARGET_NAME)";
				SWIFT_EMIT_LOC_STRINGS = YES;
				SWIFT_VERSION = 5.0;
				TARGETED_DEVICE_FAMILY = "1,2";
			};
			name = Release;
		};
		8296BDB0270AA2FA005A88F3 /* Debug */ = {
			isa = XCBuildConfiguration;
			buildSettings = {
				ALWAYS_EMBED_SWIFT_STANDARD_LIBRARIES = YES;
				BUNDLE_LOADER = "$(TEST_HOST)";
				CODE_SIGN_STYLE = Automatic;
				CURRENT_PROJECT_VERSION = 1;
				DEVELOPMENT_TEAM = 9S746CAN84;
				GENERATE_INFOPLIST_FILE = YES;
				IPHONEOS_DEPLOYMENT_TARGET = 14.0;
				LD_RUNPATH_SEARCH_PATHS = (
					"$(inherited)",
					"@executable_path/Frameworks",
					"@loader_path/Frameworks",
				);
				MARKETING_VERSION = 1.0;
				PRODUCT_BUNDLE_IDENTIFIER = "PeanutSpread.Bar-RouletteTests";
				PRODUCT_NAME = "$(TARGET_NAME)";
				SWIFT_EMIT_LOC_STRINGS = NO;
				SWIFT_VERSION = 5.0;
				TARGETED_DEVICE_FAMILY = "1,2";
				TEST_HOST = "$(BUILT_PRODUCTS_DIR)/Bar Roulette.app/Bar Roulette";
			};
			name = Debug;
		};
		8296BDB1270AA2FA005A88F3 /* Release */ = {
			isa = XCBuildConfiguration;
			buildSettings = {
				ALWAYS_EMBED_SWIFT_STANDARD_LIBRARIES = YES;
				BUNDLE_LOADER = "$(TEST_HOST)";
				CODE_SIGN_STYLE = Automatic;
				CURRENT_PROJECT_VERSION = 1;
				DEVELOPMENT_TEAM = 9S746CAN84;
				GENERATE_INFOPLIST_FILE = YES;
				IPHONEOS_DEPLOYMENT_TARGET = 14.0;
				LD_RUNPATH_SEARCH_PATHS = (
					"$(inherited)",
					"@executable_path/Frameworks",
					"@loader_path/Frameworks",
				);
				MARKETING_VERSION = 1.0;
				PRODUCT_BUNDLE_IDENTIFIER = "PeanutSpread.Bar-RouletteTests";
				PRODUCT_NAME = "$(TARGET_NAME)";
				SWIFT_EMIT_LOC_STRINGS = NO;
				SWIFT_VERSION = 5.0;
				TARGETED_DEVICE_FAMILY = "1,2";
				TEST_HOST = "$(BUILT_PRODUCTS_DIR)/Bar Roulette.app/Bar Roulette";
			};
			name = Release;
		};
		8296BDB3270AA2FA005A88F3 /* Debug */ = {
			isa = XCBuildConfiguration;
			buildSettings = {
				ALWAYS_EMBED_SWIFT_STANDARD_LIBRARIES = YES;
				CODE_SIGN_STYLE = Automatic;
				CURRENT_PROJECT_VERSION = 1;
				DEVELOPMENT_TEAM = 9S746CAN84;
				GENERATE_INFOPLIST_FILE = YES;
				LD_RUNPATH_SEARCH_PATHS = (
					"$(inherited)",
					"@executable_path/Frameworks",
					"@loader_path/Frameworks",
				);
				MARKETING_VERSION = 1.0;
				PRODUCT_BUNDLE_IDENTIFIER = "PeanutSpread.Bar-RouletteUITests";
				PRODUCT_NAME = "$(TARGET_NAME)";
				SWIFT_EMIT_LOC_STRINGS = NO;
				SWIFT_VERSION = 5.0;
				TARGETED_DEVICE_FAMILY = "1,2";
				TEST_TARGET_NAME = "Bar Roulette";
			};
			name = Debug;
		};
		8296BDB4270AA2FA005A88F3 /* Release */ = {
			isa = XCBuildConfiguration;
			buildSettings = {
				ALWAYS_EMBED_SWIFT_STANDARD_LIBRARIES = YES;
				CODE_SIGN_STYLE = Automatic;
				CURRENT_PROJECT_VERSION = 1;
				DEVELOPMENT_TEAM = 9S746CAN84;
				GENERATE_INFOPLIST_FILE = YES;
				LD_RUNPATH_SEARCH_PATHS = (
					"$(inherited)",
					"@executable_path/Frameworks",
					"@loader_path/Frameworks",
				);
				MARKETING_VERSION = 1.0;
				PRODUCT_BUNDLE_IDENTIFIER = "PeanutSpread.Bar-RouletteUITests";
				PRODUCT_NAME = "$(TARGET_NAME)";
				SWIFT_EMIT_LOC_STRINGS = NO;
				SWIFT_VERSION = 5.0;
				TARGETED_DEVICE_FAMILY = "1,2";
				TEST_TARGET_NAME = "Bar Roulette";
			};
			name = Release;
		};
/* End XCBuildConfiguration section */

/* Begin XCConfigurationList section */
		8296BD83270AA2F8005A88F3 /* Build configuration list for PBXProject "Bar Roulette" */ = {
			isa = XCConfigurationList;
			buildConfigurations = (
				8296BDAA270AA2FA005A88F3 /* Debug */,
				8296BDAB270AA2FA005A88F3 /* Release */,
			);
			defaultConfigurationIsVisible = 0;
			defaultConfigurationName = Release;
		};
		8296BDAC270AA2FA005A88F3 /* Build configuration list for PBXNativeTarget "Bar Roulette" */ = {
			isa = XCConfigurationList;
			buildConfigurations = (
				8296BDAD270AA2FA005A88F3 /* Debug */,
				8296BDAE270AA2FA005A88F3 /* Release */,
			);
			defaultConfigurationIsVisible = 0;
			defaultConfigurationName = Release;
		};
		8296BDAF270AA2FA005A88F3 /* Build configuration list for PBXNativeTarget "Bar RouletteTests" */ = {
			isa = XCConfigurationList;
			buildConfigurations = (
				8296BDB0270AA2FA005A88F3 /* Debug */,
				8296BDB1270AA2FA005A88F3 /* Release */,
			);
			defaultConfigurationIsVisible = 0;
			defaultConfigurationName = Release;
		};
		8296BDB2270AA2FA005A88F3 /* Build configuration list for PBXNativeTarget "Bar RouletteUITests" */ = {
			isa = XCConfigurationList;
			buildConfigurations = (
				8296BDB3270AA2FA005A88F3 /* Debug */,
				8296BDB4270AA2FA005A88F3 /* Release */,
			);
			defaultConfigurationIsVisible = 0;
			defaultConfigurationName = Release;
		};
/* End XCConfigurationList section */

/* Begin XCVersionGroup section */
		41A9D932273C619100BEB394 /* BarRoulette.xcdatamodeld */ = {
			isa = XCVersionGroup;
			children = (
				41A9D933273C619100BEB394 /* BarRoulette.xcdatamodel */,
			);
			currentVersion = 41A9D933273C619100BEB394 /* BarRoulette.xcdatamodel */;
			path = BarRoulette.xcdatamodeld;
			sourceTree = "<group>";
			versionGroupType = wrapper.xcdatamodel;
		};
/* End XCVersionGroup section */
	};
	rootObject = 8296BD80270AA2F8005A88F3 /* Project object */;
}
